github.com/Han-Ya-Jun/qrcode2console v0.0.0-20190430081741-6890f5f0fdf5 h1:EMggICCq0/d9uNIJzwj3UHntcH6cPVT4kfWbyzut8GQ=
github.com/Han-Ya-Jun/qrcode2console v0.0.0-20190430081741-6890f5f0fdf5/go.mod h1:onbao3S7v7VTWE5sGfmiYgOt1MqzSd2dMp/+o6rk1Wk=
github.com/atotto/clipboard v0.1.4 h1:EH0zSVneZPSuFR11BlR9YppQTVDbh5+16AmcJi4g1z4=
github.com/atotto/clipboard v0.1.4/go.mod h1:ZY9tmq7sm5xIbd9bOK4onWV4S6X0u6GY7Vn0Yu86PYI=
github.com/disintegration/imaging v1.6.2 h1:w1LecBlG2Lnp8B3jk5zSuNqd7b4DXhcjwek1ei82L+c=
github.com/disintegration/imaging v1.6.2/go.mod h1:44/5580QXChDfwIclfc/PCwrr44amcmDAg8hxG0Ewe4=
github.com/mdp/qrterminal/v3 v3.1.1 h1:cIPwg3QU0OIm9+ce/lRfWXhPwEjOSKwk3HBwL3HBTyc=
github.com/mdp/qrterminal/v3 v3.1.1/go.mod h1:5lJlXe7Jdr8wlPDdcsJttv1/knsRgzXASyr4dcGZqNU=
github.com/skip2/go-qrcode v0.0.0-20200617195104-da1b6568686e h1:MRM5ITcdelLK2j1vwZ3Je0FKVCfqOLp5zO6trqMLYs0=
github.com/skip2/go-qrcode v0.0.0-20200617195104-da1b6568686e/go.mod h1:XV66xRDqSt+GTGFMVlhk3ULuV0y9ZmzeVGR4mloJI3M=
golang.org/x/image v0.0.0-20191009234506-e7c1f5e7dbb8/go.mod h1:FeLwcggjj3mMvU+oOTbSwawSJRM1uh48EjtB4UJZlP0=
golang.org/x/image v0.13.0 h1:3cge/F/QTkNLauhf2QoE9zp+7sr+ZcL4HnoZmdwg9sg=
golang.org/x/image v0.13.0/go.mod h1:6mmbMOeV28HuMTgA6OSRkdXKYw/t5W9Uwn2Yv1r3Yxk=
golang.org/x/text v0.3.0/go.mod h1:NqM8EUOU14njkJ3fqMW+pc6Ldnwhi/IjpwHt7yyuwOQ=
rsc.io/qr v0.2.0 h1:6vBLea5/NRMVTz8V66gipeLycZMl/+UlFmk8DvqQ6WY=
rsc.io/qr v0.2.0/go.mod h1:IF+uZjkb9fqyeF/4tlBoynqmQxUoPfWEKh921coOuXs=
